// !$*UTF8*$!
{
	archiveVersion = 1;
	classes = {
	};
	objectVersion = 48;
	objects = {

/* Begin PBXBuildFile section */
		AB07F89F20C9F52D007D59A4 /* Timers.swift in Sources */ = {isa = PBXBuildFile; fileRef = AB07F89E20C9F52D007D59A4 /* Timers.swift */; };
		AB0E057F20C31EDE00054510 /* SpotifyTrackCollectionViewCellHeader.swift in Sources */ = {isa = PBXBuildFile; fileRef = AB0E057E20C31EDE00054510 /* SpotifyTrackCollectionViewCellHeader.swift */; };
		AB1E9BCB20D5559500852368 /* BackgroundViewModel.swift in Sources */ = {isa = PBXBuildFile; fileRef = AB1E9BCA20D5559500852368 /* BackgroundViewModel.swift */; };
		AB2775C4207AFCD00080245F /* SpotifyAlarm.swift in Sources */ = {isa = PBXBuildFile; fileRef = AB2775C3207AFCD00080245F /* SpotifyAlarm.swift */; };
		AB3851732068A6D200E9D4ED /* AlarmsViewController.swift in Sources */ = {isa = PBXBuildFile; fileRef = AB3851722068A6D200E9D4ED /* AlarmsViewController.swift */; };
		AB75A22F2068847300ECDCCA /* AlarmViewCollectionViewCell.xib in Resources */ = {isa = PBXBuildFile; fileRef = AB75A22E2068847300ECDCCA /* AlarmViewCollectionViewCell.xib */; };
		AB75A231206885E200ECDCCA /* AlarmViewCollectionViewCell.swift in Sources */ = {isa = PBXBuildFile; fileRef = AB75A230206885E200ECDCCA /* AlarmViewCollectionViewCell.swift */; };
		AB75A2332068915F00ECDCCA /* CreateAlarmViewController.swift in Sources */ = {isa = PBXBuildFile; fileRef = AB75A2322068915F00ECDCCA /* CreateAlarmViewController.swift */; };
		ABA522E520D5C9D20009D039 /* AlarmsViewModel.swift in Sources */ = {isa = PBXBuildFile; fileRef = ABA522E420D5C9D20009D039 /* AlarmsViewModel.swift */; };
		ABC2DE58205A2434008B5981 /* SpotifyAudioPlayback.framework in Frameworks */ = {isa = PBXBuildFile; fileRef = ABC2DE57205A2434008B5981 /* SpotifyAudioPlayback.framework */; };
		ABC2DE5A205A2EB5008B5981 /* Info.plist in Resources */ = {isa = PBXBuildFile; fileRef = ABDAEDA4204B601D002F136D /* Info.plist */; };
		ABD3836720D738E000D70DFD /* SpotifyCollectionViewModel.swift in Sources */ = {isa = PBXBuildFile; fileRef = ABD3836620D738E000D70DFD /* SpotifyCollectionViewModel.swift */; };
		ABD558202079154000C7D362 /* BasicViewController.swift in Sources */ = {isa = PBXBuildFile; fileRef = ABD5581F2079154000C7D362 /* BasicViewController.swift */; };
		ABDAED99204B601D002F136D /* AppDelegate.swift in Sources */ = {isa = PBXBuildFile; fileRef = ABDAED98204B601D002F136D /* AppDelegate.swift */; };
		ABDAED9E204B601D002F136D /* Main.storyboard in Resources */ = {isa = PBXBuildFile; fileRef = ABDAED9C204B601D002F136D /* Main.storyboard */; };
		ABDAEDA0204B601D002F136D /* Assets.xcassets in Resources */ = {isa = PBXBuildFile; fileRef = ABDAED9F204B601D002F136D /* Assets.xcassets */; };
		ABDAEDA3204B601D002F136D /* LaunchScreen.storyboard in Resources */ = {isa = PBXBuildFile; fileRef = ABDAEDA1204B601D002F136D /* LaunchScreen.storyboard */; };
		ABDAEDAB204B625B002F136D /* Constants.swift in Sources */ = {isa = PBXBuildFile; fileRef = ABDAEDAA204B625B002F136D /* Constants.swift */; };
		ABDAEDAF204B6338002F136D /* LoginViewController.swift in Sources */ = {isa = PBXBuildFile; fileRef = ABDAEDAE204B6338002F136D /* LoginViewController.swift */; };
		ABDAEDB2204B693B002F136D /* stars.gif in Resources */ = {isa = PBXBuildFile; fileRef = ABDAEDB1204B693B002F136D /* stars.gif */; };
		ABDAEDB5204B697F002F136D /* BackgroundView.swift in Sources */ = {isa = PBXBuildFile; fileRef = ABDAEDB4204B697F002F136D /* BackgroundView.swift */; };
		ABDAEDB8204B76E8002F136D /* SpotifyTracksViewController.swift in Sources */ = {isa = PBXBuildFile; fileRef = ABDAEDB7204B76E8002F136D /* SpotifyTracksViewController.swift */; };
		ABDAEDBD204B7886002F136D /* SpotifyManager.swift in Sources */ = {isa = PBXBuildFile; fileRef = ABDAEDBC204B7886002F136D /* SpotifyManager.swift */; };
		ABDAEDC0204CA4CE002F136D /* ClockViewController.swift in Sources */ = {isa = PBXBuildFile; fileRef = ABDAEDBF204CA4CE002F136D /* ClockViewController.swift */; };
		ABDAEDC8204CAF1E002F136D /* SpotifyTrackCollectionViewCell.swift in Sources */ = {isa = PBXBuildFile; fileRef = ABDAEDC7204CAF1E002F136D /* SpotifyTrackCollectionViewCell.swift */; };
		ABDAEDCA204CAF52002F136D /* SpotifyTrackCollectionViewCell.xib in Resources */ = {isa = PBXBuildFile; fileRef = ABDAEDC9204CAF52002F136D /* SpotifyTrackCollectionViewCell.xib */; };
		F507051669497E575C165AA9 /* Pods_Alarmify.framework in Frameworks */ = {isa = PBXBuildFile; fileRef = 3A33F57916882AA161FCD26D /* Pods_Alarmify.framework */; };
/* End PBXBuildFile section */

/* Begin PBXFileReference section */
		3A33F57916882AA161FCD26D /* Pods_Alarmify.framework */ = {isa = PBXFileReference; explicitFileType = wrapper.framework; includeInIndex = 0; path = Pods_Alarmify.framework; sourceTree = BUILT_PRODUCTS_DIR; };
		80000AAF33FE2185E63E8BAE /* Pods-Alarmify.release.xcconfig */ = {isa = PBXFileReference; includeInIndex = 1; lastKnownFileType = text.xcconfig; name = "Pods-Alarmify.release.xcconfig"; path = "Pods/Target Support Files/Pods-Alarmify/Pods-Alarmify.release.xcconfig"; sourceTree = "<group>"; };
		AB07F89E20C9F52D007D59A4 /* Timers.swift */ = {isa = PBXFileReference; lastKnownFileType = sourcecode.swift; path = Timers.swift; sourceTree = "<group>"; };
		AB0E057E20C31EDE00054510 /* SpotifyTrackCollectionViewCellHeader.swift */ = {isa = PBXFileReference; lastKnownFileType = sourcecode.swift; path = SpotifyTrackCollectionViewCellHeader.swift; sourceTree = "<group>"; };
		AB1E9BCA20D5559500852368 /* BackgroundViewModel.swift */ = {isa = PBXFileReference; lastKnownFileType = sourcecode.swift; path = BackgroundViewModel.swift; sourceTree = "<group>"; };
		AB2775C3207AFCD00080245F /* SpotifyAlarm.swift */ = {isa = PBXFileReference; lastKnownFileType = sourcecode.swift; path = SpotifyAlarm.swift; sourceTree = "<group>"; };
		AB3851722068A6D200E9D4ED /* AlarmsViewController.swift */ = {isa = PBXFileReference; lastKnownFileType = sourcecode.swift; path = AlarmsViewController.swift; sourceTree = "<group>"; };
		AB75A22E2068847300ECDCCA /* AlarmViewCollectionViewCell.xib */ = {isa = PBXFileReference; lastKnownFileType = file.xib; path = AlarmViewCollectionViewCell.xib; sourceTree = "<group>"; };
		AB75A230206885E200ECDCCA /* AlarmViewCollectionViewCell.swift */ = {isa = PBXFileReference; lastKnownFileType = sourcecode.swift; path = AlarmViewCollectionViewCell.swift; sourceTree = "<group>"; };
		AB75A2322068915F00ECDCCA /* CreateAlarmViewController.swift */ = {isa = PBXFileReference; lastKnownFileType = sourcecode.swift; path = CreateAlarmViewController.swift; sourceTree = "<group>"; };
		ABA522E420D5C9D20009D039 /* AlarmsViewModel.swift */ = {isa = PBXFileReference; lastKnownFileType = sourcecode.swift; path = AlarmsViewModel.swift; sourceTree = "<group>"; };
		ABC2DE57205A2434008B5981 /* SpotifyAudioPlayback.framework */ = {isa = PBXFileReference; lastKnownFileType = wrapper.framework; path = SpotifyAudioPlayback.framework; sourceTree = "<group>"; };
		ABC2DE59205A24AC008B5981 /* Alarmify-Bridging-Header.h */ = {isa = PBXFileReference; lastKnownFileType = sourcecode.c.h; path = "Alarmify-Bridging-Header.h"; sourceTree = "<group>"; };
		ABD3836620D738E000D70DFD /* SpotifyCollectionViewModel.swift */ = {isa = PBXFileReference; lastKnownFileType = sourcecode.swift; path = SpotifyCollectionViewModel.swift; sourceTree = "<group>"; };
		ABD5581F2079154000C7D362 /* BasicViewController.swift */ = {isa = PBXFileReference; lastKnownFileType = sourcecode.swift; path = BasicViewController.swift; sourceTree = "<group>"; };
		ABDAED95204B601D002F136D /* Alarmify.app */ = {isa = PBXFileReference; explicitFileType = wrapper.application; includeInIndex = 0; path = Alarmify.app; sourceTree = BUILT_PRODUCTS_DIR; };
		ABDAED98204B601D002F136D /* AppDelegate.swift */ = {isa = PBXFileReference; lastKnownFileType = sourcecode.swift; path = AppDelegate.swift; sourceTree = "<group>"; };
		ABDAED9D204B601D002F136D /* Base */ = {isa = PBXFileReference; lastKnownFileType = file.storyboard; name = Base; path = Base.lproj/Main.storyboard; sourceTree = "<group>"; };
		ABDAED9F204B601D002F136D /* Assets.xcassets */ = {isa = PBXFileReference; lastKnownFileType = folder.assetcatalog; path = Assets.xcassets; sourceTree = "<group>"; };
		ABDAEDA2204B601D002F136D /* Base */ = {isa = PBXFileReference; lastKnownFileType = file.storyboard; name = Base; path = Base.lproj/LaunchScreen.storyboard; sourceTree = "<group>"; };
		ABDAEDA4204B601D002F136D /* Info.plist */ = {isa = PBXFileReference; lastKnownFileType = text.plist.xml; path = Info.plist; sourceTree = "<group>"; };
		ABDAEDAA204B625B002F136D /* Constants.swift */ = {isa = PBXFileReference; lastKnownFileType = sourcecode.swift; name = Constants.swift; path = Constants/Constants.swift; sourceTree = "<group>"; };
		ABDAEDAE204B6338002F136D /* LoginViewController.swift */ = {isa = PBXFileReference; lastKnownFileType = sourcecode.swift; path = LoginViewController.swift; sourceTree = "<group>"; };
		ABDAEDB1204B693B002F136D /* stars.gif */ = {isa = PBXFileReference; lastKnownFileType = image.gif; path = stars.gif; sourceTree = "<group>"; };
		ABDAEDB4204B697F002F136D /* BackgroundView.swift */ = {isa = PBXFileReference; lastKnownFileType = sourcecode.swift; path = BackgroundView.swift; sourceTree = "<group>"; };
		ABDAEDB7204B76E8002F136D /* SpotifyTracksViewController.swift */ = {isa = PBXFileReference; lastKnownFileType = sourcecode.swift; path = SpotifyTracksViewController.swift; sourceTree = "<group>"; };
		ABDAEDBC204B7886002F136D /* SpotifyManager.swift */ = {isa = PBXFileReference; lastKnownFileType = sourcecode.swift; path = SpotifyManager.swift; sourceTree = "<group>"; };
		ABDAEDBF204CA4CE002F136D /* ClockViewController.swift */ = {isa = PBXFileReference; lastKnownFileType = sourcecode.swift; path = ClockViewController.swift; sourceTree = "<group>"; };
		ABDAEDC7204CAF1E002F136D /* SpotifyTrackCollectionViewCell.swift */ = {isa = PBXFileReference; lastKnownFileType = sourcecode.swift; path = SpotifyTrackCollectionViewCell.swift; sourceTree = "<group>"; };
		ABDAEDC9204CAF52002F136D /* SpotifyTrackCollectionViewCell.xib */ = {isa = PBXFileReference; lastKnownFileType = file.xib; path = SpotifyTrackCollectionViewCell.xib; sourceTree = "<group>"; };
		E48B1EBCFCB1297DA0FF1D7F /* Pods-Alarmify.debug.xcconfig */ = {isa = PBXFileReference; includeInIndex = 1; lastKnownFileType = text.xcconfig; name = "Pods-Alarmify.debug.xcconfig"; path = "Pods/Target Support Files/Pods-Alarmify/Pods-Alarmify.debug.xcconfig"; sourceTree = "<group>"; };
/* End PBXFileReference section */

/* Begin PBXFrameworksBuildPhase section */
		ABDAED92204B601D002F136D /* Frameworks */ = {
			isa = PBXFrameworksBuildPhase;
			buildActionMask = 2147483647;
			files = (
				F507051669497E575C165AA9 /* Pods_Alarmify.framework in Frameworks */,
				ABC2DE58205A2434008B5981 /* SpotifyAudioPlayback.framework in Frameworks */,
			);
			runOnlyForDeploymentPostprocessing = 0;
		};
/* End PBXFrameworksBuildPhase section */

/* Begin PBXGroup section */
		744005445BB25EE9BBB2258B /* Pods */ = {
			isa = PBXGroup;
			children = (
				E48B1EBCFCB1297DA0FF1D7F /* Pods-Alarmify.debug.xcconfig */,
				80000AAF33FE2185E63E8BAE /* Pods-Alarmify.release.xcconfig */,
			);
			name = Pods;
			sourceTree = "<group>";
		};
		AB07F89D20C9F51B007D59A4 /* Timers */ = {
			isa = PBXGroup;
			children = (
				AB07F89E20C9F52D007D59A4 /* Timers.swift */,
			);
			path = Timers;
			sourceTree = "<group>";
		};
		AB2775C2207AFCA60080245F /* SpotifyAlarm */ = {
			isa = PBXGroup;
			children = (
				AB2775C3207AFCD00080245F /* SpotifyAlarm.swift */,
			);
			path = SpotifyAlarm;
			sourceTree = "<group>";
		};
		AB3851712068A6C000E9D4ED /* Alarms */ = {
			isa = PBXGroup;
			children = (
				AB3851722068A6D200E9D4ED /* AlarmsViewController.swift */,
				ABA522E420D5C9D20009D039 /* AlarmsViewModel.swift */,
			);
			path = Alarms;
			sourceTree = "<group>";
		};
		ABDAED8C204B601D002F136D = {
			isa = PBXGroup;
			children = (
				ABDAED97204B601D002F136D /* Alarmify */,
				ABDAED96204B601D002F136D /* Products */,
				744005445BB25EE9BBB2258B /* Pods */,
				B9A93DF3F4D63C36F994EBB2 /* Frameworks */,
			);
			sourceTree = "<group>";
		};
		ABDAED96204B601D002F136D /* Products */ = {
			isa = PBXGroup;
			children = (
				ABDAED95204B601D002F136D /* Alarmify.app */,
			);
			name = Products;
			sourceTree = "<group>";
		};
		ABDAED97204B601D002F136D /* Alarmify */ = {
			isa = PBXGroup;
			children = (
				AB07F89D20C9F51B007D59A4 /* Timers */,
				AB2775C2207AFCA60080245F /* SpotifyAlarm */,
				ABDAEDBB204B7871002F136D /* Managers */,
				ABDAEDB3204B6966002F136D /* Views */,
				ABDAEDB0204B6918002F136D /* Images */,
				ABDAEDAC204B6319002F136D /* Controllers */,
				ABDAED98204B601D002F136D /* AppDelegate.swift */,
				ABDAED9C204B601D002F136D /* Main.storyboard */,
				ABDAED9F204B601D002F136D /* Assets.xcassets */,
				ABDAEDA1204B601D002F136D /* LaunchScreen.storyboard */,
				ABDAEDA4204B601D002F136D /* Info.plist */,
				ABDAEDAA204B625B002F136D /* Constants.swift */,
				ABC2DE59205A24AC008B5981 /* Alarmify-Bridging-Header.h */,
			);
			path = Alarmify;
			sourceTree = "<group>";
		};
		ABDAEDAC204B6319002F136D /* Controllers */ = {
			isa = PBXGroup;
			children = (
				AB3851712068A6C000E9D4ED /* Alarms */,
				ABDAEDBE204CA4B8002F136D /* Clock */,
				ABDAEDB6204B76BA002F136D /* Songs */,
				ABDAEDAD204B6327002F136D /* Login */,
				ABD5581F2079154000C7D362 /* BasicViewController.swift */,
			);
			path = Controllers;
			sourceTree = "<group>";
		};
		ABDAEDAD204B6327002F136D /* Login */ = {
			isa = PBXGroup;
			children = (
				ABDAEDAE204B6338002F136D /* LoginViewController.swift */,
			);
			path = Login;
			sourceTree = "<group>";
		};
		ABDAEDB0204B6918002F136D /* Images */ = {
			isa = PBXGroup;
			children = (
				ABDAEDB1204B693B002F136D /* stars.gif */,
			);
			path = Images;
			sourceTree = "<group>";
		};
		ABDAEDB3204B6966002F136D /* Views */ = {
			isa = PBXGroup;
			children = (
				ABDAEDC6204CAEFF002F136D /* CollectionViewCells */,
				ABDAEDB4204B697F002F136D /* BackgroundView.swift */,
				AB1E9BCA20D5559500852368 /* BackgroundViewModel.swift */,
			);
			path = Views;
			sourceTree = "<group>";
		};
		ABDAEDB6204B76BA002F136D /* Songs */ = {
			isa = PBXGroup;
			children = (
				ABDAEDB7204B76E8002F136D /* SpotifyTracksViewController.swift */,
				ABD3836620D738E000D70DFD /* SpotifyCollectionViewModel.swift */,
			);
			path = Songs;
			sourceTree = "<group>";
		};
		ABDAEDBB204B7871002F136D /* Managers */ = {
			isa = PBXGroup;
			children = (
				ABDAEDBC204B7886002F136D /* SpotifyManager.swift */,
			);
			path = Managers;
			sourceTree = "<group>";
		};
		ABDAEDBE204CA4B8002F136D /* Clock */ = {
			isa = PBXGroup;
			children = (
				ABDAEDBF204CA4CE002F136D /* ClockViewController.swift */,
				AB75A2322068915F00ECDCCA /* CreateAlarmViewController.swift */,
			);
			path = Clock;
			sourceTree = "<group>";
		};
		ABDAEDC6204CAEFF002F136D /* CollectionViewCells */ = {
			isa = PBXGroup;
			children = (
				ABDAEDC7204CAF1E002F136D /* SpotifyTrackCollectionViewCell.swift */,
				ABDAEDC9204CAF52002F136D /* SpotifyTrackCollectionViewCell.xib */,
				AB75A22E2068847300ECDCCA /* AlarmViewCollectionViewCell.xib */,
				AB75A230206885E200ECDCCA /* AlarmViewCollectionViewCell.swift */,
				AB0E057E20C31EDE00054510 /* SpotifyTrackCollectionViewCellHeader.swift */,
			);
			path = CollectionViewCells;
			sourceTree = "<group>";
		};
		B9A93DF3F4D63C36F994EBB2 /* Frameworks */ = {
			isa = PBXGroup;
			children = (
				ABC2DE57205A2434008B5981 /* SpotifyAudioPlayback.framework */,
				3A33F57916882AA161FCD26D /* Pods_Alarmify.framework */,
			);
			name = Frameworks;
			sourceTree = "<group>";
		};
/* End PBXGroup section */

/* Begin PBXNativeTarget section */
		ABDAED94204B601D002F136D /* Alarmify */ = {
			isa = PBXNativeTarget;
			buildConfigurationList = ABDAEDA7204B601D002F136D /* Build configuration list for PBXNativeTarget "Alarmify" */;
			buildPhases = (
				012263D997F66E3C443BD3AD /* [CP] Check Pods Manifest.lock */,
				ABDAED91204B601D002F136D /* Sources */,
				ABDAED92204B601D002F136D /* Frameworks */,
				ABDAED93204B601D002F136D /* Resources */,
				A4793782DAA985DD09BD5AEF /* [CP] Embed Pods Frameworks */,
				B1E22929322EAFFA1F103DA1 /* [CP] Copy Pods Resources */,
			);
			buildRules = (
			);
			dependencies = (
			);
			name = Alarmify;
			productName = Alarmify;
			productReference = ABDAED95204B601D002F136D /* Alarmify.app */;
			productType = "com.apple.product-type.application";
		};
/* End PBXNativeTarget section */

/* Begin PBXProject section */
		ABDAED8D204B601D002F136D /* Project object */ = {
			isa = PBXProject;
			attributes = {
				LastSwiftUpdateCheck = 0920;
				LastUpgradeCheck = 0920;
				ORGANIZATIONNAME = DSmith;
				TargetAttributes = {
					ABDAED94204B601D002F136D = {
						CreatedOnToolsVersion = 9.2;
						ProvisioningStyle = Automatic;
					};
				};
			};
			buildConfigurationList = ABDAED90204B601D002F136D /* Build configuration list for PBXProject "Alarmify" */;
			compatibilityVersion = "Xcode 8.0";
			developmentRegion = en;
			hasScannedForEncodings = 0;
			knownRegions = (
				en,
				Base,
			);
			mainGroup = ABDAED8C204B601D002F136D;
			productRefGroup = ABDAED96204B601D002F136D /* Products */;
			projectDirPath = "";
			projectRoot = "";
			targets = (
				ABDAED94204B601D002F136D /* Alarmify */,
			);
		};
/* End PBXProject section */

/* Begin PBXResourcesBuildPhase section */
		ABDAED93204B601D002F136D /* Resources */ = {
			isa = PBXResourcesBuildPhase;
			buildActionMask = 2147483647;
			files = (
				ABC2DE5A205A2EB5008B5981 /* Info.plist in Resources */,
				ABDAEDA3204B601D002F136D /* LaunchScreen.storyboard in Resources */,
				ABDAEDA0204B601D002F136D /* Assets.xcassets in Resources */,
				ABDAEDB2204B693B002F136D /* stars.gif in Resources */,
				ABDAED9E204B601D002F136D /* Main.storyboard in Resources */,
				ABDAEDCA204CAF52002F136D /* SpotifyTrackCollectionViewCell.xib in Resources */,
				AB75A22F2068847300ECDCCA /* AlarmViewCollectionViewCell.xib in Resources */,
			);
			runOnlyForDeploymentPostprocessing = 0;
		};
/* End PBXResourcesBuildPhase section */

/* Begin PBXShellScriptBuildPhase section */
		012263D997F66E3C443BD3AD /* [CP] Check Pods Manifest.lock */ = {
			isa = PBXShellScriptBuildPhase;
			buildActionMask = 2147483647;
			files = (
			);
			inputPaths = (
				"${PODS_PODFILE_DIR_PATH}/Podfile.lock",
				"${PODS_ROOT}/Manifest.lock",
			);
			name = "[CP] Check Pods Manifest.lock";
			outputPaths = (
				"$(DERIVED_FILE_DIR)/Pods-Alarmify-checkManifestLockResult.txt",
			);
			runOnlyForDeploymentPostprocessing = 0;
			shellPath = /bin/sh;
			shellScript = "diff \"${PODS_PODFILE_DIR_PATH}/Podfile.lock\" \"${PODS_ROOT}/Manifest.lock\" > /dev/null\nif [ $? != 0 ] ; then\n    # print error to STDERR\n    echo \"error: The sandbox is not in sync with the Podfile.lock. Run 'pod install' or update your CocoaPods installation.\" >&2\n    exit 1\nfi\n# This output is used by Xcode 'outputs' to avoid re-running this script phase.\necho \"SUCCESS\" > \"${SCRIPT_OUTPUT_FILE_0}\"\n";
			showEnvVarsInLog = 0;
		};
		A4793782DAA985DD09BD5AEF /* [CP] Embed Pods Frameworks */ = {
			isa = PBXShellScriptBuildPhase;
			buildActionMask = 2147483647;
			files = (
			);
			inputPaths = (
				"${SRCROOT}/Pods/Target Support Files/Pods-Alarmify/Pods-Alarmify-frameworks.sh",
				"${BUILT_PRODUCTS_DIR}/AlamoRecord/AlamoRecord.framework",
				"${BUILT_PRODUCTS_DIR}/Alamofire/Alamofire.framework",
				"${BUILT_PRODUCTS_DIR}/AlamofireObjectMapper/AlamofireObjectMapper.framework",
				"${BUILT_PRODUCTS_DIR}/Hero/Hero.framework",
				"${BUILT_PRODUCTS_DIR}/ObjectMapper/ObjectMapper.framework",
				"${BUILT_PRODUCTS_DIR}/RxCocoa/RxCocoa.framework",
				"${BUILT_PRODUCTS_DIR}/RxSwift/RxSwift.framework",
				"${BUILT_PRODUCTS_DIR}/SDWebImage/SDWebImage.framework",
				"${BUILT_PRODUCTS_DIR}/Spartan/Spartan.framework",
				"${BUILT_PRODUCTS_DIR}/SpotifyLogin/SpotifyLogin.framework",
				"${BUILT_PRODUCTS_DIR}/TransitionButton/TransitionButton.framework",
			);
			name = "[CP] Embed Pods Frameworks";
			outputPaths = (
				"${TARGET_BUILD_DIR}/${FRAMEWORKS_FOLDER_PATH}/AlamoRecord.framework",
				"${TARGET_BUILD_DIR}/${FRAMEWORKS_FOLDER_PATH}/Alamofire.framework",
				"${TARGET_BUILD_DIR}/${FRAMEWORKS_FOLDER_PATH}/AlamofireObjectMapper.framework",
				"${TARGET_BUILD_DIR}/${FRAMEWORKS_FOLDER_PATH}/Hero.framework",
				"${TARGET_BUILD_DIR}/${FRAMEWORKS_FOLDER_PATH}/ObjectMapper.framework",
				"${TARGET_BUILD_DIR}/${FRAMEWORKS_FOLDER_PATH}/RxCocoa.framework",
				"${TARGET_BUILD_DIR}/${FRAMEWORKS_FOLDER_PATH}/RxSwift.framework",
				"${TARGET_BUILD_DIR}/${FRAMEWORKS_FOLDER_PATH}/SDWebImage.framework",
				"${TARGET_BUILD_DIR}/${FRAMEWORKS_FOLDER_PATH}/Spartan.framework",
				"${TARGET_BUILD_DIR}/${FRAMEWORKS_FOLDER_PATH}/SpotifyLogin.framework",
				"${TARGET_BUILD_DIR}/${FRAMEWORKS_FOLDER_PATH}/TransitionButton.framework",
			);
			runOnlyForDeploymentPostprocessing = 0;
			shellPath = /bin/sh;
			shellScript = "\"${SRCROOT}/Pods/Target Support Files/Pods-Alarmify/Pods-Alarmify-frameworks.sh\"\n";
			showEnvVarsInLog = 0;
		};
		B1E22929322EAFFA1F103DA1 /* [CP] Copy Pods Resources */ = {
			isa = PBXShellScriptBuildPhase;
			buildActionMask = 2147483647;
			files = (
			);
			inputPaths = (
			);
			name = "[CP] Copy Pods Resources";
			outputPaths = (
			);
			runOnlyForDeploymentPostprocessing = 0;
			shellPath = /bin/sh;
			shellScript = "\"${SRCROOT}/Pods/Target Support Files/Pods-Alarmify/Pods-Alarmify-resources.sh\"\n";
			showEnvVarsInLog = 0;
		};
/* End PBXShellScriptBuildPhase section */

/* Begin PBXSourcesBuildPhase section */
		ABDAED91204B601D002F136D /* Sources */ = {
			isa = PBXSourcesBuildPhase;
			buildActionMask = 2147483647;
			files = (
				AB1E9BCB20D5559500852368 /* BackgroundViewModel.swift in Sources */,
				AB0E057F20C31EDE00054510 /* SpotifyTrackCollectionViewCellHeader.swift in Sources */,
				ABDAEDC0204CA4CE002F136D /* ClockViewController.swift in Sources */,
				ABD558202079154000C7D362 /* BasicViewController.swift in Sources */,
				AB3851732068A6D200E9D4ED /* AlarmsViewController.swift in Sources */,
				AB07F89F20C9F52D007D59A4 /* Timers.swift in Sources */,
				ABA522E520D5C9D20009D039 /* AlarmsViewModel.swift in Sources */,
				ABDAEDBD204B7886002F136D /* SpotifyManager.swift in Sources */,
				ABD3836720D738E000D70DFD /* SpotifyCollectionViewModel.swift in Sources */,
				AB2775C4207AFCD00080245F /* SpotifyAlarm.swift in Sources */,
				ABDAEDAF204B6338002F136D /* LoginViewController.swift in Sources */,
				ABDAEDB5204B697F002F136D /* BackgroundView.swift in Sources */,
				ABDAED99204B601D002F136D /* AppDelegate.swift in Sources */,
				AB75A231206885E200ECDCCA /* AlarmViewCollectionViewCell.swift in Sources */,
				ABDAEDC8204CAF1E002F136D /* SpotifyTrackCollectionViewCell.swift in Sources */,
				ABDAEDAB204B625B002F136D /* Constants.swift in Sources */,
				ABDAEDB8204B76E8002F136D /* SpotifyTracksViewController.swift in Sources */,
				AB75A2332068915F00ECDCCA /* CreateAlarmViewController.swift in Sources */,
			);
			runOnlyForDeploymentPostprocessing = 0;
		};
/* End PBXSourcesBuildPhase section */

/* Begin PBXVariantGroup section */
		ABDAED9C204B601D002F136D /* Main.storyboard */ = {
			isa = PBXVariantGroup;
			children = (
				ABDAED9D204B601D002F136D /* Base */,
			);
			name = Main.storyboard;
			sourceTree = "<group>";
		};
		ABDAEDA1204B601D002F136D /* LaunchScreen.storyboard */ = {
			isa = PBXVariantGroup;
			children = (
				ABDAEDA2204B601D002F136D /* Base */,
			);
			name = LaunchScreen.storyboard;
			sourceTree = "<group>";
		};
/* End PBXVariantGroup section */

/* Begin XCBuildConfiguration section */
		ABDAEDA5204B601D002F136D /* Debug */ = {
			isa = XCBuildConfiguration;
			buildSettings = {
				ALWAYS_SEARCH_USER_PATHS = NO;
				CLANG_ANALYZER_NONNULL = YES;
				CLANG_ANALYZER_NUMBER_OBJECT_CONVERSION = YES_AGGRESSIVE;
				CLANG_CXX_LANGUAGE_STANDARD = "gnu++14";
				CLANG_CXX_LIBRARY = "libc++";
				CLANG_ENABLE_MODULES = YES;
				CLANG_ENABLE_OBJC_ARC = YES;
				CLANG_WARN_BLOCK_CAPTURE_AUTORELEASING = YES;
				CLANG_WARN_BOOL_CONVERSION = YES;
				CLANG_WARN_COMMA = YES;
				CLANG_WARN_CONSTANT_CONVERSION = YES;
				CLANG_WARN_DIRECT_OBJC_ISA_USAGE = YES_ERROR;
				CLANG_WARN_DOCUMENTATION_COMMENTS = YES;
				CLANG_WARN_EMPTY_BODY = YES;
				CLANG_WARN_ENUM_CONVERSION = YES;
				CLANG_WARN_INFINITE_RECURSION = YES;
				CLANG_WARN_INT_CONVERSION = YES;
				CLANG_WARN_NON_LITERAL_NULL_CONVERSION = YES;
				CLANG_WARN_OBJC_LITERAL_CONVERSION = YES;
				CLANG_WARN_OBJC_ROOT_CLASS = YES_ERROR;
				CLANG_WARN_RANGE_LOOP_ANALYSIS = YES;
				CLANG_WARN_STRICT_PROTOTYPES = YES;
				CLANG_WARN_SUSPICIOUS_MOVE = YES;
				CLANG_WARN_UNGUARDED_AVAILABILITY = YES_AGGRESSIVE;
				CLANG_WARN_UNREACHABLE_CODE = YES;
				CLANG_WARN__DUPLICATE_METHOD_MATCH = YES;
				CODE_SIGN_IDENTITY = "iPhone Developer";
				COPY_PHASE_STRIP = NO;
				DEBUG_INFORMATION_FORMAT = dwarf;
				ENABLE_STRICT_OBJC_MSGSEND = YES;
				ENABLE_TESTABILITY = YES;
				GCC_C_LANGUAGE_STANDARD = gnu11;
				GCC_DYNAMIC_NO_PIC = NO;
				GCC_NO_COMMON_BLOCKS = YES;
				GCC_OPTIMIZATION_LEVEL = 0;
				GCC_PREPROCESSOR_DEFINITIONS = (
					"DEBUG=1",
					"$(inherited)",
				);
				GCC_WARN_64_TO_32_BIT_CONVERSION = YES;
				GCC_WARN_ABOUT_RETURN_TYPE = YES_ERROR;
				GCC_WARN_UNDECLARED_SELECTOR = YES;
				GCC_WARN_UNINITIALIZED_AUTOS = YES_AGGRESSIVE;
				GCC_WARN_UNUSED_FUNCTION = YES;
				GCC_WARN_UNUSED_VARIABLE = YES;
				IPHONEOS_DEPLOYMENT_TARGET = 11.2;
				MTL_ENABLE_DEBUG_INFO = YES;
				ONLY_ACTIVE_ARCH = YES;
				SDKROOT = iphoneos;
				SWIFT_ACTIVE_COMPILATION_CONDITIONS = DEBUG;
				SWIFT_OPTIMIZATION_LEVEL = "-Onone";
			};
			name = Debug;
		};
		ABDAEDA6204B601D002F136D /* Release */ = {
			isa = XCBuildConfiguration;
			buildSettings = {
				ALWAYS_SEARCH_USER_PATHS = NO;
				CLANG_ANALYZER_NONNULL = YES;
				CLANG_ANALYZER_NUMBER_OBJECT_CONVERSION = YES_AGGRESSIVE;
				CLANG_CXX_LANGUAGE_STANDARD = "gnu++14";
				CLANG_CXX_LIBRARY = "libc++";
				CLANG_ENABLE_MODULES = YES;
				CLANG_ENABLE_OBJC_ARC = YES;
				CLANG_WARN_BLOCK_CAPTURE_AUTORELEASING = YES;
				CLANG_WARN_BOOL_CONVERSION = YES;
				CLANG_WARN_COMMA = YES;
				CLANG_WARN_CONSTANT_CONVERSION = YES;
				CLANG_WARN_DIRECT_OBJC_ISA_USAGE = YES_ERROR;
				CLANG_WARN_DOCUMENTATION_COMMENTS = YES;
				CLANG_WARN_EMPTY_BODY = YES;
				CLANG_WARN_ENUM_CONVERSION = YES;
				CLANG_WARN_INFINITE_RECURSION = YES;
				CLANG_WARN_INT_CONVERSION = YES;
				CLANG_WARN_NON_LITERAL_NULL_CONVERSION = YES;
				CLANG_WARN_OBJC_LITERAL_CONVERSION = YES;
				CLANG_WARN_OBJC_ROOT_CLASS = YES_ERROR;
				CLANG_WARN_RANGE_LOOP_ANALYSIS = YES;
				CLANG_WARN_STRICT_PROTOTYPES = YES;
				CLANG_WARN_SUSPICIOUS_MOVE = YES;
				CLANG_WARN_UNGUARDED_AVAILABILITY = YES_AGGRESSIVE;
				CLANG_WARN_UNREACHABLE_CODE = YES;
				CLANG_WARN__DUPLICATE_METHOD_MATCH = YES;
				CODE_SIGN_IDENTITY = "iPhone Developer";
				COPY_PHASE_STRIP = NO;
				DEBUG_INFORMATION_FORMAT = "dwarf-with-dsym";
				ENABLE_NS_ASSERTIONS = NO;
				ENABLE_STRICT_OBJC_MSGSEND = YES;
				GCC_C_LANGUAGE_STANDARD = gnu11;
				GCC_NO_COMMON_BLOCKS = YES;
				GCC_WARN_64_TO_32_BIT_CONVERSION = YES;
				GCC_WARN_ABOUT_RETURN_TYPE = YES_ERROR;
				GCC_WARN_UNDECLARED_SELECTOR = YES;
				GCC_WARN_UNINITIALIZED_AUTOS = YES_AGGRESSIVE;
				GCC_WARN_UNUSED_FUNCTION = YES;
				GCC_WARN_UNUSED_VARIABLE = YES;
				IPHONEOS_DEPLOYMENT_TARGET = 11.2;
				MTL_ENABLE_DEBUG_INFO = NO;
				SDKROOT = iphoneos;
				SWIFT_OPTIMIZATION_LEVEL = "-Owholemodule";
				VALIDATE_PRODUCT = YES;
			};
			name = Release;
		};
		ABDAEDA8204B601D002F136D /* Debug */ = {
			isa = XCBuildConfiguration;
			baseConfigurationReference = E48B1EBCFCB1297DA0FF1D7F /* Pods-Alarmify.debug.xcconfig */;
			buildSettings = {
				ASSETCATALOG_COMPILER_APPICON_NAME = AppIcon;
				CODE_SIGN_IDENTITY = "iPhone Developer";
				CODE_SIGN_STYLE = Automatic;
				DEVELOPMENT_TEAM = QJYFTX722N;
				FRAMEWORK_SEARCH_PATHS = (
					"$(inherited)",
					"$(PROJECT_DIR)",
				);
				INFOPLIST_FILE = Alarmify/Info.plist;
				LD_RUNPATH_SEARCH_PATHS = "$(inherited) @executable_path/Frameworks";
				PRODUCT_BUNDLE_IDENTIFIER = dmsmith.Alarmify;
				PRODUCT_NAME = "$(TARGET_NAME)";
				PROVISIONING_PROFILE_SPECIFIER = "";
				SWIFT_OBJC_BRIDGING_HEADER = "$(PROJECT_DIR)/$(PROJECT_NAME)/Alarmify-Bridging-Header.h";
				SWIFT_VERSION = 4.0;
				TARGETED_DEVICE_FAMILY = "1,2";
			};
			name = Debug;
		};
		ABDAEDA9204B601D002F136D /* Release */ = {
			isa = XCBuildConfiguration;
			baseConfigurationReference = 80000AAF33FE2185E63E8BAE /* Pods-Alarmify.release.xcconfig */;
			buildSettings = {
				ASSETCATALOG_COMPILER_APPICON_NAME = AppIcon;
				CODE_SIGN_IDENTITY = "iPhone Developer";
				CODE_SIGN_STYLE = Automatic;
				DEVELOPMENT_TEAM = QJYFTX722N;
				FRAMEWORK_SEARCH_PATHS = (
					"$(inherited)",
					"$(PROJECT_DIR)",
				);
				INFOPLIST_FILE = Alarmify/Info.plist;
				LD_RUNPATH_SEARCH_PATHS = "$(inherited) @executable_path/Frameworks";
				PRODUCT_BUNDLE_IDENTIFIER = dmsmith.Alarmify;
				PRODUCT_NAME = "$(TARGET_NAME)";
				PROVISIONING_PROFILE_SPECIFIER = "";
				SWIFT_OBJC_BRIDGING_HEADER = "$(PROJECT_DIR)/$(PROJECT_NAME)/Alarmify-Bridging-Header.h";
				SWIFT_VERSION = 4.0;
				TARGETED_DEVICE_FAMILY = "1,2";
			};
			name = Release;
		};
/* End XCBuildConfiguration section */

/* Begin XCConfigurationList section */
		ABDAED90204B601D002F136D /* Build configuration list for PBXProject "Alarmify" */ = {
			isa = XCConfigurationList;
			buildConfigurations = (
				ABDAEDA5204B601D002F136D /* Debug */,
				ABDAEDA6204B601D002F136D /* Release */,
			);
			defaultConfigurationIsVisible = 0;
			defaultConfigurationName = Release;
		};
		ABDAEDA7204B601D002F136D /* Build configuration list for PBXNativeTarget "Alarmify" */ = {
			isa = XCConfigurationList;
			buildConfigurations = (
				ABDAEDA8204B601D002F136D /* Debug */,
				ABDAEDA9204B601D002F136D /* Release */,
			);
			defaultConfigurationIsVisible = 0;
			defaultConfigurationName = Release;
		};
/* End XCConfigurationList section */
	};
	rootObject = ABDAED8D204B601D002F136D /* Project object */;
}
